{
  "name": "easy-wiki-pages",
  "lockfileVersion": 3,
  "requires": true,
  "packages": {
    "": {
      "dependencies": {
        "markdown-it-container": "^4.0.0"
      },
      "devDependencies": {
        "ewiki": "file:../easy-wiki"
      }
    },
    "../easy-wiki": {
      "name": "ewiki",
      "version": "0.0.33",
      "dev": true,
      "license": "MIT",
      "dependencies": {
        "chalk": "^4.1.2",
        "chokidar": "^3.6.0",
        "commander": "^12.1.0",
        "express": "^4.19.2",
        "glob": "^10.4.5",
        "highlight.js": "^11.10.0",
        "jsdom": "^24.1.0",
        "less": "^4.2.0",
        "lodash": "^4.17.21",
        "markdown-it": "^14.1.0",
        "markdown-it-anchor": "^9.0.1",
        "markdown-it-container": "^4.0.0",
        "node-fetch": "^2.6.7"
      },
      "bin": {
        "ewiki": "lib/cmd.js"
      },
      "devDependencies": {
        "@types/express": "^4.17.21",
        "@types/jsdom": "^21.1.7",
        "@types/lodash": "^4.17.6",
        "@types/markdown-it-container": "^2.0.10",
        "@types/node": "^20.14.10"
      }
    },
    "node_modules/ewiki": {
      "resolved": "../easy-wiki",
      "link": true
    },
    "node_modules/markdown-it-container": {
      "version": "4.0.0",
      "resolved": "https://registry.npmjs.org/markdown-it-container/-/markdown-it-container-4.0.0.tgz",
      "integrity": "sha512-HaNccxUH0l7BNGYbFbjmGpf5aLHAMTinqRZQAEQbMr2cdD3z91Q6kIo1oUn1CQndkT03jat6ckrdRYuwwqLlQw=="
    }
  }
}
